
Microsoft Visual Studio Solution File, Format Version 12.00
# Visual Studio 15
VisualStudioVersion = 15.0.27703.2047
MinimumVisualStudioVersion = 10.0.40219.1
Project("{9A19103F-16F7-4668-BE54-9A1E7A4F7556}") = "GCodeParser", "GCodeParser\GCodeParser.csproj", "{DD41C9DC-BE21-4308-B2E4-2028CE24928B}"
EndProject
Project("{9A19103F-16F7-4668-BE54-9A1E7A4F7556}") = "OutputConsole", "OutputConsole\OutputConsole.csproj", "{F5998DDC-E501-41E6-8369-5CEF56EF4D90}"
EndProject
Project("{FAE04EC0-301F-11D3-BF4B-00C04F79EFBC}") = "GCodeParserTests", "GCodeParserTests\GCodeParserTests.csproj", "{31EBA4D2-61A9-4794-B59D-60F41A07F1C0}"
EndProject
Global
	GlobalSection(SolutionConfigurationPlatforms) = preSolution
		Debug|Any CPU = Debug|Any CPU
		Release|Any CPU = Release|Any CPU
	EndGlobalSection
	GlobalSection(ProjectConfigurationPlatforms) = postSolution
		{DD41C9DC-BE21-4308-B2E4-2028CE24928B}.Debug|Any CPU.ActiveCfg = Debug|Any CPU
		{DD41C9DC-BE21-4308-B2E4-2028CE24928B}.Debug|Any CPU.Build.0 = Debug|Any CPU
		{DD41C9DC-BE21-4308-B2E4-2028CE24928B}.Release|Any CPU.ActiveCfg = Release|Any CPU
		{DD41C9DC-BE21-4308-B2E4-2028CE24928B}.Release|Any CPU.Build.0 = Release|Any CPU
		{F5998DDC-E501-41E6-8369-5CEF56EF4D90}.Debug|Any CPU.ActiveCfg = Debug|Any CPU
		{F5998DDC-E501-41E6-8369-5CEF56EF4D90}.Debug|Any CPU.Build.0 = Debug|Any CPU
		{F5998DDC-E501-41E6-8369-5CEF56EF4D90}.Release|Any CPU.ActiveCfg = Release|Any CPU
		{F5998DDC-E501-41E6-8369-5CEF56EF4D90}.Release|Any CPU.Build.0 = Release|Any CPU
		{31EBA4D2-61A9-4794-B59D-60F41A07F1C0}.Debug|Any CPU.ActiveCfg = Debug|Any CPU
		{31EBA4D2-61A9-4794-B59D-60F41A07F1C0}.Debug|Any CPU.Build.0 = Debug|Any CPU
		{31EBA4D2-61A9-4794-B59D-60F41A07F1C0}.Release|Any CPU.ActiveCfg = Release|Any CPU
		{31EBA4D2-61A9-4794-B59D-60F41A07F1C0}.Release|Any CPU.Build.0 = Release|Any CPU
	EndGlobalSection
	GlobalSection(SolutionProperties) = preSolution
		HideSolutionNode = FALSE
	EndGlobalSection
	GlobalSection(ExtensibilityGlobals) = postSolution
		SolutionGuid = {277DAA9E-20AB-4EEB-8E32-8BC50D291CE0}
	EndGlobalSection
EndGlobal
