
Microsoft Visual Studio Solution File, Format Version 12.00
# Visual Studio 15
VisualStudioVersion = 15.0.27703.2047
MinimumVisualStudioVersion = 10.0.40219.1
Project("{FAE04EC0-301F-11D3-BF4B-00C04F79EFBC}") = "GCodeParser", "GCodeParser\GCodeParser.csproj", "{DD41C9DC-BE21-4308-B2E4-2028CE24928B}"
EndProject
Project("{FAE04EC0-301F-11D3-BF4B-00C04F79EFBC}") = "ParserTests", "ParserTests\ParserTests.csproj", "{3AD1B5C3-F457-4FBC-879E-7EF91025940B}"
EndProject
Global
	GlobalSection(SolutionConfigurationPlatforms) = preSolution
		Debug|Any CPU = Debug|Any CPU
		Release|Any CPU = Release|Any CPU
	EndGlobalSection
	GlobalSection(ProjectConfigurationPlatforms) = postSolution
		{DD41C9DC-BE21-4308-B2E4-2028CE24928B}.Debug|Any CPU.ActiveCfg = Debug|Any CPU
		{DD41C9DC-BE21-4308-B2E4-2028CE24928B}.Debug|Any CPU.Build.0 = Debug|Any CPU
		{DD41C9DC-BE21-4308-B2E4-2028CE24928B}.Release|Any CPU.ActiveCfg = Release|Any CPU
		{DD41C9DC-BE21-4308-B2E4-2028CE24928B}.Release|Any CPU.Build.0 = Release|Any CPU
		{3AD1B5C3-F457-4FBC-879E-7EF91025940B}.Debug|Any CPU.ActiveCfg = Debug|Any CPU
		{3AD1B5C3-F457-4FBC-879E-7EF91025940B}.Debug|Any CPU.Build.0 = Debug|Any CPU
		{3AD1B5C3-F457-4FBC-879E-7EF91025940B}.Release|Any CPU.ActiveCfg = Release|Any CPU
		{3AD1B5C3-F457-4FBC-879E-7EF91025940B}.Release|Any CPU.Build.0 = Release|Any CPU
	EndGlobalSection
	GlobalSection(SolutionProperties) = preSolution
		HideSolutionNode = FALSE
	EndGlobalSection
	GlobalSection(ExtensibilityGlobals) = postSolution
		SolutionGuid = {277DAA9E-20AB-4EEB-8E32-8BC50D291CE0}
	EndGlobalSection
EndGlobal
